# This file is automatically @generated by Cargo.
# It is not intended for manual editing.
version = 3

[[package]]
name = "companion-for-processbot-staging"
version = "0.1.0"
dependencies = [
 "main-for-processbot-staging",
]

[[package]]
name = "main-for-processbot-staging"
version = "0.1.0"
source = "git+https://github.com/paritytech/main-for-processbot-staging?branch=master#a4ed8a4338a70d05574cf4cbb8f74d6d80f95280"
