# This file is automatically @generated by Cargo.
# It is not intended for manual editing.
version = 3

[[package]]
name = "companion-for-processbot-staging"
version = "0.1.0"
dependencies = [
 "main-for-processbot-staging",
]

[[package]]
name = "main-for-processbot-staging"
version = "0.1.0"
source = "git+https://github.com/paritytech/main-for-processbot-staging?branch=master#aeec1a904caae2fe9bc37795fc187f4e97d183fb"
