# This file is automatically @generated by Cargo.
# It is not intended for manual editing.
[[package]]
name = "companion-for-processbot-staging"
version = "0.1.0"
dependencies = [
 "main-for-processbot-staging",
]

[[package]]
name = "main-for-processbot-staging"
version = "0.1.0"
source = "git+https://github.com/paritytech/main-for-processbot-staging#ed3c9c303c0a78cdb4e6306aa608341baf777f27"
